{
    "_meta": {
        "hash": {
            "sha256": "3c7ac6756e98b278dc004e20d7ece94a18b1f0b772129b85b331a13d4df7ce21"
        },
        "host-environment-markers": {
            "implementation_name": "cpython",
            "implementation_version": "3.6.3",
            "os_name": "posix",
            "platform_machine": "x86_64",
            "platform_python_implementation": "CPython",
            "platform_release": "4.4.0-93-generic",
            "platform_system": "Linux",
            "platform_version": "#116-Ubuntu SMP Fri Aug 11 21:17:51 UTC 2017",
            "python_full_version": "3.6.3",
            "python_version": "3.6",
            "sys_platform": "linux"
        },
        "pipfile-spec": 6,
        "requires": {},
        "sources": [
            {
                "name": "pypi",
                "url": "https://pypi.python.org/simple",
                "verify_ssl": true
            }
        ]
    },
    "default": {
        "django": {
            "hashes": [
                "sha256:7ab6a9c798a5f9f359ee6da3677211f883fb02ef32cebe9b29751eb7a871febf",
                "sha256:c3b42ca1efa1c0a129a9e863134cc3fe705c651dea3a04a7998019e522af0c60"
            ],
            "version": "==1.11.6"
        },
        "djangorestframework": {
            "hashes": [
                "sha256:cd7f0f678d63e2be561834ff2049eef6d9fd6fb85c63bea7e94597b36c015bf4",
                "sha256:305b2c6564ca46d3b558ba21110ed717135c467adf1a6dfd192bd85f4bb04d50"
            ],
            "version": "==3.7.1"
        }
    },
    "develop": {}
}
